
Microsoft Visual Studio Solution File, Format Version 12.00
# Visual Studio Version 16
VisualStudioVersion = 16.0.31624.102
MinimumVisualStudioVersion = 10.0.40219.1
Project("{FAE04EC0-301F-11D3-BF4B-00C04F79EFBC}") = "StatePattern", "StatePattern\StatePattern.csproj", "{F6577219-B5E3-463E-B469-073639276604}"
EndProject
Project("{FAE04EC0-301F-11D3-BF4B-00C04F79EFBC}") = "StatePatternAnotherExample", "StatePatternAnotherExample\StatePatternAnotherExample.csproj", "{B34ED0F0-3D00-4F95-BDC4-CE64864F72F5}"
EndProject
Global
	GlobalSection(SolutionConfigurationPlatforms) = preSolution
		Debug|Any CPU = Debug|Any CPU
		Release|Any CPU = Release|Any CPU
	EndGlobalSection
	GlobalSection(ProjectConfigurationPlatforms) = postSolution
		{F6577219-B5E3-463E-B469-073639276604}.Debug|Any CPU.ActiveCfg = Debug|Any CPU
		{F6577219-B5E3-463E-B469-073639276604}.Debug|Any CPU.Build.0 = Debug|Any CPU
		{F6577219-B5E3-463E-B469-073639276604}.Release|Any CPU.ActiveCfg = Release|Any CPU
		{F6577219-B5E3-463E-B469-073639276604}.Release|Any CPU.Build.0 = Release|Any CPU
		{B34ED0F0-3D00-4F95-BDC4-CE64864F72F5}.Debug|Any CPU.ActiveCfg = Debug|Any CPU
		{B34ED0F0-3D00-4F95-BDC4-CE64864F72F5}.Debug|Any CPU.Build.0 = Debug|Any CPU
		{B34ED0F0-3D00-4F95-BDC4-CE64864F72F5}.Release|Any CPU.ActiveCfg = Release|Any CPU
		{B34ED0F0-3D00-4F95-BDC4-CE64864F72F5}.Release|Any CPU.Build.0 = Release|Any CPU
	EndGlobalSection
	GlobalSection(SolutionProperties) = preSolution
		HideSolutionNode = FALSE
	EndGlobalSection
	GlobalSection(ExtensibilityGlobals) = postSolution
		SolutionGuid = {A97B6F48-81F1-4535-BEC2-3875FF058B81}
	EndGlobalSection
EndGlobal
